
Microsoft Visual Studio Solution File, Format Version 12.00
# Visual Studio Version 16
VisualStudioVersion = 16.0.31911.196
MinimumVisualStudioVersion = 10.0.40219.1
Project("{FAE04EC0-301F-11D3-BF4B-00C04F79EFBC}") = "Lab8WPF", "Lab8WPF\Lab8WPF.csproj", "{11A4E6FA-708B-4CD9-A5A2-5F9DB1273128}"
EndProject
Global
	GlobalSection(SolutionConfigurationPlatforms) = preSolution
		Debug|Any CPU = Debug|Any CPU
		Release|Any CPU = Release|Any CPU
	EndGlobalSection
	GlobalSection(ProjectConfigurationPlatforms) = postSolution
		{11A4E6FA-708B-4CD9-A5A2-5F9DB1273128}.Debug|Any CPU.ActiveCfg = Debug|Any CPU
		{11A4E6FA-708B-4CD9-A5A2-5F9DB1273128}.Debug|Any CPU.Build.0 = Debug|Any CPU
		{11A4E6FA-708B-4CD9-A5A2-5F9DB1273128}.Release|Any CPU.ActiveCfg = Release|Any CPU
		{11A4E6FA-708B-4CD9-A5A2-5F9DB1273128}.Release|Any CPU.Build.0 = Release|Any CPU
	EndGlobalSection
	GlobalSection(SolutionProperties) = preSolution
		HideSolutionNode = FALSE
	EndGlobalSection
	GlobalSection(ExtensibilityGlobals) = postSolution
		SolutionGuid = {4A9F0374-9C7E-4DEE-9FA6-55E6F43C9F4D}
	EndGlobalSection
EndGlobal
